# Prisma Migrate lockfile v1

20200527164018-create-user
20200602160441-create-toner
20200602160551-create-toner
20200602173225-create-erros
20200602212330-create-manutencao
20200603190936-create-user-token
20200608115100-testing-uuid
20200608115328-testing-uuid
20200608115635-remove-default
20200608115740-change-to-cuid
20200608120014-default
20200608223603-correct-table-error